<Solution>
  <Folder Name="/.github/">
    <File Path="../.github/copilot-instructions.md" />
  </Folder>
  <Folder Name="/Docs/">
    <File Path="../README.md" />
  </Folder>
  <Folder Name="/Docs/ClearHostedEndpoint/">
    <File Path="../Docs/ClearHostedEndpoint/API.md" />
    <File Path="../Docs/ClearHostedEndpoint/ARCHITECTURE.md" />
    <File Path="../Docs/ClearHostedEndpoint/README.md" />
    <File Path="../Docs/ClearHostedEndpoint/USAGE.md" />
  </Folder>
  <Folder Name="/Docs/ClearHostedService/">
    <File Path="../Docs/ClearHostedService/API.md" />
    <File Path="../Docs/ClearHostedService/ARCHITECTURE.md" />
    <File Path="../Docs/ClearHostedService/DESIGN_DECISIONS.md" />
    <File Path="../Docs/ClearHostedService/DOCUMENTATION_INDEX.md" />
    <File Path="../Docs/ClearHostedService/FAQ.md" />
    <File Path="../Docs/ClearHostedService/PROJECT_SUMMARY.md" />
    <File Path="../Docs/ClearHostedService/USAGE.md" />
  </Folder>
  <Project Path="ClearHostedEndpoint.SqlServerTransport/ClearMeasure.HostedEndpoint.SqlServerTransport.csproj" />
  <Project Path="ClearHostedEndpoint.Tests/ClearHostedEndpoint.Tests.csproj" />
  <Project Path="ClearHostedEndpoint/ClearMeasure.HostedEndpoint.csproj" Id="17d6abd8-b482-4103-8bd5-7cb6c0f26480" />
  <Project Path="ClearHostedService.Tests/ClearHostedService.Tests.csproj" />
  <Project Path="ClearHostedService/ClearMeasure.HostedService.csproj" Id="9b8da57b-cbd5-4ae1-a0b6-bcab13d9a0a6" />
</Solution>
