<Solution>
  <Folder Name="/.github/">
    <File Path=".github/copilot-instructions.md" />
  </Folder>
  <Folder Name="/Docs/">
    <File Path="../README.md" />
  </Folder>
  <Folder Name="/Docs/QuickHostedEndpoint/">
    <File Path="../Docs/QuickHostedEndpoint/API.md" />
    <File Path="../Docs/QuickHostedEndpoint/ARCHITECTURE.md" />
    <File Path="../Docs/QuickHostedEndpoint/README.md" />
    <File Path="../Docs/QuickHostedEndpoint/USAGE.md" />
  </Folder>
  <Folder Name="/Docs/QuickHostedService/">
    <File Path="../Docs/QuickHostedService/API.md" />
    <File Path="../Docs/QuickHostedService/ARCHITECTURE.md" />
    <File Path="../Docs/QuickHostedService/DESIGN_DECISIONS.md" />
    <File Path="../Docs/QuickHostedService/DOCUMENTATION_INDEX.md" />
    <File Path="../Docs/QuickHostedService/FAQ.md" />
    <File Path="../Docs/QuickHostedService/PROJECT_SUMMARY.md" />
    <File Path="../Docs/QuickHostedService/USAGE.md" />
  </Folder>
  <Folder Name="/Example/">
    <Project Path="examples/DataProcessorService/DataProcessorService.csproj" />
    <Project Path="examples/NServiceBusEndpoint/NServiceBusEndpoint.csproj" />
    <Project Path="examples/NServiceBusWebApp/NServiceBusWebApp.csproj" />
    <Project Path="examples/ScheduledTaskService/ScheduledTaskService.csproj" />
    <Project Path="examples/SimpleWorker/SimpleWorker.csproj" />
  </Folder>
  <Project Path="QuickHostedEndpoint/QuickHostedEndpoint.csproj" Id="17d6abd8-b482-4103-8bd5-7cb6c0f26480" />
  <Project Path="QuickHostedService.Tests/QuickHostedService.Tests.csproj" />
  <Project Path="QuickHostedService/QuickHostedService.csproj" Id="9b8da57b-cbd5-4ae1-a0b6-bcab13d9a0a6" />
</Solution>
