
Microsoft Visual Studio Solution File, Format Version 12.00
# Visual Studio Version 17
VisualStudioVersion = 17.0.31903.59
MinimumVisualStudioVersion = 10.0.40219.1
Project("{FAE04EC0-301F-11D3-BF4B-00C04F79EFBC}") = "QuickHostedService", "QuickHostedService\QuickHostedService.csproj", "{A1111111-1111-1111-1111-111111111111}"
EndProject
Project("{FAE04EC0-301F-11D3-BF4B-00C04F79EFBC}") = "QuickHostedService.Tests", "QuickHostedService.Tests\QuickHostedService.Tests.csproj", "{A2222222-2222-2222-2222-222222222222}"
EndProject
Project("{2150E333-8FDC-42A3-9474-1A3956D46DE8}") = "examples", "examples", "{E0000000-0000-0000-0000-000000000000}"
EndProject
Project("{FAE04EC0-301F-11D3-BF4B-00C04F79EFBC}") = "SimpleWorker", "examples\SimpleWorker\SimpleWorker.csproj", "{E1111111-1111-1111-1111-111111111111}"
EndProject
Project("{FAE04EC0-301F-11D3-BF4B-00C04F79EFBC}") = "DataProcessorService", "examples\DataProcessorService\DataProcessorService.csproj", "{E2222222-2222-2222-2222-222222222222}"
EndProject
Project("{FAE04EC0-301F-11D3-BF4B-00C04F79EFBC}") = "ScheduledTaskService", "examples\ScheduledTaskService\ScheduledTaskService.csproj", "{E3333333-3333-3333-3333-333333333333}"
EndProject
Project("{2150E333-8FDC-42A3-9474-1A3956D46DE8}") = "Solution Items", "Solution Items", "{D0000000-0000-0000-0000-000000000000}"
	ProjectSection(SolutionItems) = preProject
		.github\copilot-instructions.md = .github\copilot-instructions.md
		.gitignore = .gitignore
	EndProjectSection
EndProject
Project("{2150E333-8FDC-42A3-9474-1A3956D46DE8}") = "Docs", "Docs", "{D1111111-1111-1111-1111-111111111111}"
EndProject
Project("{2150E333-8FDC-42A3-9474-1A3956D46DE8}") = "QuickHostedService", "QuickHostedService", "{D2222222-2222-2222-2222-222222222222}"
	ProjectSection(SolutionItems) = preProject
		Docs\QuickHostedService\README.md = Docs\QuickHostedService\README.md
		Docs\QuickHostedService\ARCHITECTURE.md = Docs\QuickHostedService\ARCHITECTURE.md
		Docs\QuickHostedService\API.md = Docs\QuickHostedService\API.md
		Docs\QuickHostedService\USAGE.md = Docs\QuickHostedService\USAGE.md
		Docs\QuickHostedService\CONTRIBUTING.md = Docs\QuickHostedService\CONTRIBUTING.md
		Docs\QuickHostedService\DESIGN_DECISIONS.md = Docs\QuickHostedService\DESIGN_DECISIONS.md
		Docs\QuickHostedService\FAQ.md = Docs\QuickHostedService\FAQ.md
		Docs\QuickHostedService\CHANGELOG.md = Docs\QuickHostedService\CHANGELOG.md
		Docs\QuickHostedService\DOCUMENTATION_INDEX.md = Docs\QuickHostedService\DOCUMENTATION_INDEX.md
		Docs\QuickHostedService\PROJECT_SUMMARY.md = Docs\QuickHostedService\PROJECT_SUMMARY.md
		Docs\QuickHostedService\IMPLEMENTATION_COMPLETE.md = Docs\QuickHostedService\IMPLEMENTATION_COMPLETE.md
	EndProjectSection
EndProject
Project("{FAE04EC0-301F-11D3-BF4B-00C04F79EFBC}") = "NServiceBusEndpoint", "examples\NServiceBusEndpoint\NServiceBusEndpoint.csproj", "{6B92ABB1-44D6-4D5B-A23C-58886AC94239}"
EndProject
Project("{FAE04EC0-301F-11D3-BF4B-00C04F79EFBC}") = "QuickHostedEndpoint", "QuickHostedEndpoint\QuickHostedEndpoint.csproj", "{EFEFCDCB-6559-4055-819A-A69D20B9858A}"
EndProject
Project("{FAE04EC0-301F-11D3-BF4B-00C04F79EFBC}") = "NServiceBusWebApp", "examples\NServiceBusWebApp\NServiceBusWebApp.csproj", "{9953643D-D657-4108-A459-1AB7AD1C79EF}"
EndProject
Project("{2150E333-8FDC-42A3-9474-1A3956D46DE8}") = "ClearHostedEndpoint.SqlServerTransport", "ClearHostedEndpoint.SqlServerTransport", "{107B9222-670F-5E11-D5E1-88D4A16DFB08}"
EndProject
Project("{FAE04EC0-301F-11D3-BF4B-00C04F79EFBC}") = "ClearMeasure.HostedEndpoint.SqlServerTransport", "ClearHostedEndpoint.SqlServerTransport\ClearMeasure.HostedEndpoint.SqlServerTransport.csproj", "{A63773A9-2250-4BED-BAC8-B090D4FF0244}"
EndProject
Project("{2150E333-8FDC-42A3-9474-1A3956D46DE8}") = "ClearHostedEndpoint", "ClearHostedEndpoint", "{3C9C2E5F-10A0-CB98-4109-07C6E9F6E357}"
EndProject
Project("{FAE04EC0-301F-11D3-BF4B-00C04F79EFBC}") = "ClearMeasure.HostedEndpoint", "ClearHostedEndpoint\ClearMeasure.HostedEndpoint.csproj", "{3E215BF5-3225-401A-B437-1C8D5163D33D}"
EndProject
Project("{2150E333-8FDC-42A3-9474-1A3956D46DE8}") = "ClearHostedService", "ClearHostedService", "{A244ADFC-A768-9860-AE9B-3CC7DB848B86}"
EndProject
Project("{FAE04EC0-301F-11D3-BF4B-00C04F79EFBC}") = "ClearMeasure.HostedService", "ClearHostedService\ClearMeasure.HostedService.csproj", "{3674F948-356E-4360-A686-F08279CC3DB1}"
EndProject
Global
	GlobalSection(SolutionConfigurationPlatforms) = preSolution
		Debug|Any CPU = Debug|Any CPU
		Debug|x64 = Debug|x64
		Debug|x86 = Debug|x86
		Release|Any CPU = Release|Any CPU
		Release|x64 = Release|x64
		Release|x86 = Release|x86
	EndGlobalSection
	GlobalSection(ProjectConfigurationPlatforms) = postSolution
		{A1111111-1111-1111-1111-111111111111}.Debug|Any CPU.ActiveCfg = Debug|Any CPU
		{A1111111-1111-1111-1111-111111111111}.Debug|Any CPU.Build.0 = Debug|Any CPU
		{A1111111-1111-1111-1111-111111111111}.Debug|x64.ActiveCfg = Debug|Any CPU
		{A1111111-1111-1111-1111-111111111111}.Debug|x64.Build.0 = Debug|Any CPU
		{A1111111-1111-1111-1111-111111111111}.Debug|x86.ActiveCfg = Debug|Any CPU
		{A1111111-1111-1111-1111-111111111111}.Debug|x86.Build.0 = Debug|Any CPU
		{A1111111-1111-1111-1111-111111111111}.Release|Any CPU.ActiveCfg = Release|Any CPU
		{A1111111-1111-1111-1111-111111111111}.Release|Any CPU.Build.0 = Release|Any CPU
		{A1111111-1111-1111-1111-111111111111}.Release|x64.ActiveCfg = Release|Any CPU
		{A1111111-1111-1111-1111-111111111111}.Release|x64.Build.0 = Release|Any CPU
		{A1111111-1111-1111-1111-111111111111}.Release|x86.ActiveCfg = Release|Any CPU
		{A1111111-1111-1111-1111-111111111111}.Release|x86.Build.0 = Release|Any CPU
		{A2222222-2222-2222-2222-222222222222}.Debug|Any CPU.ActiveCfg = Debug|Any CPU
		{A2222222-2222-2222-2222-222222222222}.Debug|Any CPU.Build.0 = Debug|Any CPU
		{A2222222-2222-2222-2222-222222222222}.Debug|x64.ActiveCfg = Debug|Any CPU
		{A2222222-2222-2222-2222-222222222222}.Debug|x64.Build.0 = Debug|Any CPU
		{A2222222-2222-2222-2222-222222222222}.Debug|x86.ActiveCfg = Debug|Any CPU
		{A2222222-2222-2222-2222-222222222222}.Debug|x86.Build.0 = Debug|Any CPU
		{A2222222-2222-2222-2222-222222222222}.Release|Any CPU.ActiveCfg = Release|Any CPU
		{A2222222-2222-2222-2222-222222222222}.Release|Any CPU.Build.0 = Release|Any CPU
		{A2222222-2222-2222-2222-222222222222}.Release|x64.ActiveCfg = Release|Any CPU
		{A2222222-2222-2222-2222-222222222222}.Release|x64.Build.0 = Release|Any CPU
		{A2222222-2222-2222-2222-222222222222}.Release|x86.ActiveCfg = Release|Any CPU
		{A2222222-2222-2222-2222-222222222222}.Release|x86.Build.0 = Release|Any CPU
		{E1111111-1111-1111-1111-111111111111}.Debug|Any CPU.ActiveCfg = Debug|Any CPU
		{E1111111-1111-1111-1111-111111111111}.Debug|Any CPU.Build.0 = Debug|Any CPU
		{E1111111-1111-1111-1111-111111111111}.Debug|x64.ActiveCfg = Debug|Any CPU
		{E1111111-1111-1111-1111-111111111111}.Debug|x64.Build.0 = Debug|Any CPU
		{E1111111-1111-1111-1111-111111111111}.Debug|x86.ActiveCfg = Debug|Any CPU
		{E1111111-1111-1111-1111-111111111111}.Debug|x86.Build.0 = Debug|Any CPU
		{E1111111-1111-1111-1111-111111111111}.Release|Any CPU.ActiveCfg = Release|Any CPU
		{E1111111-1111-1111-1111-111111111111}.Release|Any CPU.Build.0 = Release|Any CPU
		{E1111111-1111-1111-1111-111111111111}.Release|x64.ActiveCfg = Release|Any CPU
		{E1111111-1111-1111-1111-111111111111}.Release|x64.Build.0 = Release|Any CPU
		{E1111111-1111-1111-1111-111111111111}.Release|x86.ActiveCfg = Release|Any CPU
		{E1111111-1111-1111-1111-111111111111}.Release|x86.Build.0 = Release|Any CPU
		{E2222222-2222-2222-2222-222222222222}.Debug|Any CPU.ActiveCfg = Debug|Any CPU
		{E2222222-2222-2222-2222-222222222222}.Debug|Any CPU.Build.0 = Debug|Any CPU
		{E2222222-2222-2222-2222-222222222222}.Debug|x64.ActiveCfg = Debug|Any CPU
		{E2222222-2222-2222-2222-222222222222}.Debug|x64.Build.0 = Debug|Any CPU
		{E2222222-2222-2222-2222-222222222222}.Debug|x86.ActiveCfg = Debug|Any CPU
		{E2222222-2222-2222-2222-222222222222}.Debug|x86.Build.0 = Debug|Any CPU
		{E2222222-2222-2222-2222-222222222222}.Release|Any CPU.ActiveCfg = Release|Any CPU
		{E2222222-2222-2222-2222-222222222222}.Release|Any CPU.Build.0 = Release|Any CPU
		{E2222222-2222-2222-2222-222222222222}.Release|x64.ActiveCfg = Release|Any CPU
		{E2222222-2222-2222-2222-222222222222}.Release|x64.Build.0 = Release|Any CPU
		{E2222222-2222-2222-2222-222222222222}.Release|x86.ActiveCfg = Release|Any CPU
		{E2222222-2222-2222-2222-222222222222}.Release|x86.Build.0 = Release|Any CPU
		{E3333333-3333-3333-3333-333333333333}.Debug|Any CPU.ActiveCfg = Debug|Any CPU
		{E3333333-3333-3333-3333-333333333333}.Debug|Any CPU.Build.0 = Debug|Any CPU
		{E3333333-3333-3333-3333-333333333333}.Debug|x64.ActiveCfg = Debug|Any CPU
		{E3333333-3333-3333-3333-333333333333}.Debug|x64.Build.0 = Debug|Any CPU
		{E3333333-3333-3333-3333-333333333333}.Debug|x86.ActiveCfg = Debug|Any CPU
		{E3333333-3333-3333-3333-333333333333}.Debug|x86.Build.0 = Debug|Any CPU
		{E3333333-3333-3333-3333-333333333333}.Release|Any CPU.ActiveCfg = Release|Any CPU
		{E3333333-3333-3333-3333-333333333333}.Release|Any CPU.Build.0 = Release|Any CPU
		{E3333333-3333-3333-3333-333333333333}.Release|x64.ActiveCfg = Release|Any CPU
		{E3333333-3333-3333-3333-333333333333}.Release|x64.Build.0 = Release|Any CPU
		{E3333333-3333-3333-3333-333333333333}.Release|x86.ActiveCfg = Release|Any CPU
		{E3333333-3333-3333-3333-333333333333}.Release|x86.Build.0 = Release|Any CPU
		{6B92ABB1-44D6-4D5B-A23C-58886AC94239}.Debug|Any CPU.ActiveCfg = Debug|Any CPU
		{6B92ABB1-44D6-4D5B-A23C-58886AC94239}.Debug|Any CPU.Build.0 = Debug|Any CPU
		{6B92ABB1-44D6-4D5B-A23C-58886AC94239}.Debug|x64.ActiveCfg = Debug|Any CPU
		{6B92ABB1-44D6-4D5B-A23C-58886AC94239}.Debug|x64.Build.0 = Debug|Any CPU
		{6B92ABB1-44D6-4D5B-A23C-58886AC94239}.Debug|x86.ActiveCfg = Debug|Any CPU
		{6B92ABB1-44D6-4D5B-A23C-58886AC94239}.Debug|x86.Build.0 = Debug|Any CPU
		{6B92ABB1-44D6-4D5B-A23C-58886AC94239}.Release|Any CPU.ActiveCfg = Release|Any CPU
		{6B92ABB1-44D6-4D5B-A23C-58886AC94239}.Release|Any CPU.Build.0 = Release|Any CPU
		{6B92ABB1-44D6-4D5B-A23C-58886AC94239}.Release|x64.ActiveCfg = Release|Any CPU
		{6B92ABB1-44D6-4D5B-A23C-58886AC94239}.Release|x64.Build.0 = Release|Any CPU
		{6B92ABB1-44D6-4D5B-A23C-58886AC94239}.Release|x86.ActiveCfg = Release|Any CPU
		{6B92ABB1-44D6-4D5B-A23C-58886AC94239}.Release|x86.Build.0 = Release|Any CPU
		{EFEFCDCB-6559-4055-819A-A69D20B9858A}.Debug|Any CPU.ActiveCfg = Debug|Any CPU
		{EFEFCDCB-6559-4055-819A-A69D20B9858A}.Debug|Any CPU.Build.0 = Debug|Any CPU
		{EFEFCDCB-6559-4055-819A-A69D20B9858A}.Debug|x64.ActiveCfg = Debug|Any CPU
		{EFEFCDCB-6559-4055-819A-A69D20B9858A}.Debug|x64.Build.0 = Debug|Any CPU
		{EFEFCDCB-6559-4055-819A-A69D20B9858A}.Debug|x86.ActiveCfg = Debug|Any CPU
		{EFEFCDCB-6559-4055-819A-A69D20B9858A}.Debug|x86.Build.0 = Debug|Any CPU
		{EFEFCDCB-6559-4055-819A-A69D20B9858A}.Release|Any CPU.ActiveCfg = Release|Any CPU
		{EFEFCDCB-6559-4055-819A-A69D20B9858A}.Release|Any CPU.Build.0 = Release|Any CPU
		{EFEFCDCB-6559-4055-819A-A69D20B9858A}.Release|x64.ActiveCfg = Release|Any CPU
		{EFEFCDCB-6559-4055-819A-A69D20B9858A}.Release|x64.Build.0 = Release|Any CPU
		{EFEFCDCB-6559-4055-819A-A69D20B9858A}.Release|x86.ActiveCfg = Release|Any CPU
		{EFEFCDCB-6559-4055-819A-A69D20B9858A}.Release|x86.Build.0 = Release|Any CPU
		{9953643D-D657-4108-A459-1AB7AD1C79EF}.Debug|Any CPU.ActiveCfg = Debug|Any CPU
		{9953643D-D657-4108-A459-1AB7AD1C79EF}.Debug|Any CPU.Build.0 = Debug|Any CPU
		{9953643D-D657-4108-A459-1AB7AD1C79EF}.Debug|x64.ActiveCfg = Debug|Any CPU
		{9953643D-D657-4108-A459-1AB7AD1C79EF}.Debug|x64.Build.0 = Debug|Any CPU
		{9953643D-D657-4108-A459-1AB7AD1C79EF}.Debug|x86.ActiveCfg = Debug|Any CPU
		{9953643D-D657-4108-A459-1AB7AD1C79EF}.Debug|x86.Build.0 = Debug|Any CPU
		{9953643D-D657-4108-A459-1AB7AD1C79EF}.Release|Any CPU.ActiveCfg = Release|Any CPU
		{9953643D-D657-4108-A459-1AB7AD1C79EF}.Release|Any CPU.Build.0 = Release|Any CPU
		{9953643D-D657-4108-A459-1AB7AD1C79EF}.Release|x64.ActiveCfg = Release|Any CPU
		{9953643D-D657-4108-A459-1AB7AD1C79EF}.Release|x64.Build.0 = Release|Any CPU
		{9953643D-D657-4108-A459-1AB7AD1C79EF}.Release|x86.ActiveCfg = Release|Any CPU
		{9953643D-D657-4108-A459-1AB7AD1C79EF}.Release|x86.Build.0 = Release|Any CPU
		{A63773A9-2250-4BED-BAC8-B090D4FF0244}.Debug|Any CPU.ActiveCfg = Debug|Any CPU
		{A63773A9-2250-4BED-BAC8-B090D4FF0244}.Debug|Any CPU.Build.0 = Debug|Any CPU
		{A63773A9-2250-4BED-BAC8-B090D4FF0244}.Debug|x64.ActiveCfg = Debug|Any CPU
		{A63773A9-2250-4BED-BAC8-B090D4FF0244}.Debug|x64.Build.0 = Debug|Any CPU
		{A63773A9-2250-4BED-BAC8-B090D4FF0244}.Debug|x86.ActiveCfg = Debug|Any CPU
		{A63773A9-2250-4BED-BAC8-B090D4FF0244}.Debug|x86.Build.0 = Debug|Any CPU
		{A63773A9-2250-4BED-BAC8-B090D4FF0244}.Release|Any CPU.ActiveCfg = Release|Any CPU
		{A63773A9-2250-4BED-BAC8-B090D4FF0244}.Release|Any CPU.Build.0 = Release|Any CPU
		{A63773A9-2250-4BED-BAC8-B090D4FF0244}.Release|x64.ActiveCfg = Release|Any CPU
		{A63773A9-2250-4BED-BAC8-B090D4FF0244}.Release|x64.Build.0 = Release|Any CPU
		{A63773A9-2250-4BED-BAC8-B090D4FF0244}.Release|x86.ActiveCfg = Release|Any CPU
		{A63773A9-2250-4BED-BAC8-B090D4FF0244}.Release|x86.Build.0 = Release|Any CPU
		{3E215BF5-3225-401A-B437-1C8D5163D33D}.Debug|Any CPU.ActiveCfg = Debug|Any CPU
		{3E215BF5-3225-401A-B437-1C8D5163D33D}.Debug|Any CPU.Build.0 = Debug|Any CPU
		{3E215BF5-3225-401A-B437-1C8D5163D33D}.Debug|x64.ActiveCfg = Debug|Any CPU
		{3E215BF5-3225-401A-B437-1C8D5163D33D}.Debug|x64.Build.0 = Debug|Any CPU
		{3E215BF5-3225-401A-B437-1C8D5163D33D}.Debug|x86.ActiveCfg = Debug|Any CPU
		{3E215BF5-3225-401A-B437-1C8D5163D33D}.Debug|x86.Build.0 = Debug|Any CPU
		{3E215BF5-3225-401A-B437-1C8D5163D33D}.Release|Any CPU.ActiveCfg = Release|Any CPU
		{3E215BF5-3225-401A-B437-1C8D5163D33D}.Release|Any CPU.Build.0 = Release|Any CPU
		{3E215BF5-3225-401A-B437-1C8D5163D33D}.Release|x64.ActiveCfg = Release|Any CPU
		{3E215BF5-3225-401A-B437-1C8D5163D33D}.Release|x64.Build.0 = Release|Any CPU
		{3E215BF5-3225-401A-B437-1C8D5163D33D}.Release|x86.ActiveCfg = Release|Any CPU
		{3E215BF5-3225-401A-B437-1C8D5163D33D}.Release|x86.Build.0 = Release|Any CPU
		{3674F948-356E-4360-A686-F08279CC3DB1}.Debug|Any CPU.ActiveCfg = Debug|Any CPU
		{3674F948-356E-4360-A686-F08279CC3DB1}.Debug|Any CPU.Build.0 = Debug|Any CPU
		{3674F948-356E-4360-A686-F08279CC3DB1}.Debug|x64.ActiveCfg = Debug|Any CPU
		{3674F948-356E-4360-A686-F08279CC3DB1}.Debug|x64.Build.0 = Debug|Any CPU
		{3674F948-356E-4360-A686-F08279CC3DB1}.Debug|x86.ActiveCfg = Debug|Any CPU
		{3674F948-356E-4360-A686-F08279CC3DB1}.Debug|x86.Build.0 = Debug|Any CPU
		{3674F948-356E-4360-A686-F08279CC3DB1}.Release|Any CPU.ActiveCfg = Release|Any CPU
		{3674F948-356E-4360-A686-F08279CC3DB1}.Release|Any CPU.Build.0 = Release|Any CPU
		{3674F948-356E-4360-A686-F08279CC3DB1}.Release|x64.ActiveCfg = Release|Any CPU
		{3674F948-356E-4360-A686-F08279CC3DB1}.Release|x64.Build.0 = Release|Any CPU
		{3674F948-356E-4360-A686-F08279CC3DB1}.Release|x86.ActiveCfg = Release|Any CPU
		{3674F948-356E-4360-A686-F08279CC3DB1}.Release|x86.Build.0 = Release|Any CPU
	EndGlobalSection
	GlobalSection(SolutionProperties) = preSolution
		HideSolutionNode = FALSE
	EndGlobalSection
	GlobalSection(NestedProjects) = preSolution
		{E1111111-1111-1111-1111-111111111111} = {E0000000-0000-0000-0000-000000000000}
		{E2222222-2222-2222-2222-222222222222} = {E0000000-0000-0000-0000-000000000000}
		{E3333333-3333-3333-3333-333333333333} = {E0000000-0000-0000-0000-000000000000}
		{D2222222-2222-2222-2222-222222222222} = {D1111111-1111-1111-1111-111111111111}
		{6B92ABB1-44D6-4D5B-A23C-58886AC94239} = {E0000000-0000-0000-0000-000000000000}
		{9953643D-D657-4108-A459-1AB7AD1C79EF} = {E0000000-0000-0000-0000-000000000000}
		{A63773A9-2250-4BED-BAC8-B090D4FF0244} = {107B9222-670F-5E11-D5E1-88D4A16DFB08}
		{3E215BF5-3225-401A-B437-1C8D5163D33D} = {3C9C2E5F-10A0-CB98-4109-07C6E9F6E357}
		{3674F948-356E-4360-A686-F08279CC3DB1} = {A244ADFC-A768-9860-AE9B-3CC7DB848B86}
	EndGlobalSection
EndGlobal
